
Microsoft Visual Studio Solution File, Format Version 12.00
# Visual Studio Version 17
VisualStudioVersion = 17.0.31919.166
MinimumVisualStudioVersion = 10.0.40219.1
Project("{FAE04EC0-301F-11D3-BF4B-00C04F79EFBC}") = "cicloDoWhile", "cicloDoWhile\cicloDoWhile.csproj", "{10685878-6F4F-4779-811A-02AC14B88448}"
EndProject
Global
	GlobalSection(SolutionConfigurationPlatforms) = preSolution
		Debug|Any CPU = Debug|Any CPU
		Release|Any CPU = Release|Any CPU
	EndGlobalSection
	GlobalSection(ProjectConfigurationPlatforms) = postSolution
		{10685878-6F4F-4779-811A-02AC14B88448}.Debug|Any CPU.ActiveCfg = Debug|Any CPU
		{10685878-6F4F-4779-811A-02AC14B88448}.Debug|Any CPU.Build.0 = Debug|Any CPU
		{10685878-6F4F-4779-811A-02AC14B88448}.Release|Any CPU.ActiveCfg = Release|Any CPU
		{10685878-6F4F-4779-811A-02AC14B88448}.Release|Any CPU.Build.0 = Release|Any CPU
	EndGlobalSection
	GlobalSection(SolutionProperties) = preSolution
		HideSolutionNode = FALSE
	EndGlobalSection
	GlobalSection(ExtensibilityGlobals) = postSolution
		SolutionGuid = {C21D122F-9D85-49B9-AA1C-0FD13A72D604}
	EndGlobalSection
EndGlobal
