
Microsoft Visual Studio Solution File, Format Version 12.00
# Visual Studio Version 17
VisualStudioVersion = 17.0.31919.166
MinimumVisualStudioVersion = 10.0.40219.1
Project("{FAE04EC0-301F-11D3-BF4B-00C04F79EFBC}") = "OperationsSwitch", "OperationsSwitch\OperationsSwitch.csproj", "{2CE55D30-4A2A-4BED-B806-A9438C0B681F}"
EndProject
Global
	GlobalSection(SolutionConfigurationPlatforms) = preSolution
		Debug|Any CPU = Debug|Any CPU
		Release|Any CPU = Release|Any CPU
	EndGlobalSection
	GlobalSection(ProjectConfigurationPlatforms) = postSolution
		{2CE55D30-4A2A-4BED-B806-A9438C0B681F}.Debug|Any CPU.ActiveCfg = Debug|Any CPU
		{2CE55D30-4A2A-4BED-B806-A9438C0B681F}.Debug|Any CPU.Build.0 = Debug|Any CPU
		{2CE55D30-4A2A-4BED-B806-A9438C0B681F}.Release|Any CPU.ActiveCfg = Release|Any CPU
		{2CE55D30-4A2A-4BED-B806-A9438C0B681F}.Release|Any CPU.Build.0 = Release|Any CPU
	EndGlobalSection
	GlobalSection(SolutionProperties) = preSolution
		HideSolutionNode = FALSE
	EndGlobalSection
	GlobalSection(ExtensibilityGlobals) = postSolution
		SolutionGuid = {7FE69A8B-6BEF-45D6-BAD7-A243E399D354}
	EndGlobalSection
EndGlobal
