
Microsoft Visual Studio Solution File, Format Version 12.00
# Visual Studio Version 17
VisualStudioVersion = 17.0.32014.148
MinimumVisualStudioVersion = 10.0.40219.1
Project("{FAE04EC0-301F-11D3-BF4B-00C04F79EFBC}") = "NumericCalculator", "NumericCalculator\NumericCalculator.csproj", "{619F48CF-7348-4DD5-80CA-52E558B07B23}"
EndProject
Global
	GlobalSection(SolutionConfigurationPlatforms) = preSolution
		Debug|Any CPU = Debug|Any CPU
		Release|Any CPU = Release|Any CPU
	EndGlobalSection
	GlobalSection(ProjectConfigurationPlatforms) = postSolution
		{619F48CF-7348-4DD5-80CA-52E558B07B23}.Debug|Any CPU.ActiveCfg = Debug|Any CPU
		{619F48CF-7348-4DD5-80CA-52E558B07B23}.Debug|Any CPU.Build.0 = Debug|Any CPU
		{619F48CF-7348-4DD5-80CA-52E558B07B23}.Release|Any CPU.ActiveCfg = Release|Any CPU
		{619F48CF-7348-4DD5-80CA-52E558B07B23}.Release|Any CPU.Build.0 = Release|Any CPU
	EndGlobalSection
	GlobalSection(SolutionProperties) = preSolution
		HideSolutionNode = FALSE
	EndGlobalSection
	GlobalSection(ExtensibilityGlobals) = postSolution
		SolutionGuid = {7B97BF38-5283-4B56-820E-FD592A7F9328}
	EndGlobalSection
EndGlobal
