
Microsoft Visual Studio Solution File, Format Version 12.00
# Visual Studio Version 17
VisualStudioVersion = 17.0.31919.166
MinimumVisualStudioVersion = 10.0.40219.1
Project("{FAE04EC0-301F-11D3-BF4B-00C04F79EFBC}") = "Arreglos", "Arreglos\Arreglos.csproj", "{88512743-2EC3-40A6-A752-F7EDDC343988}"
EndProject
Global
	GlobalSection(SolutionConfigurationPlatforms) = preSolution
		Debug|Any CPU = Debug|Any CPU
		Release|Any CPU = Release|Any CPU
	EndGlobalSection
	GlobalSection(ProjectConfigurationPlatforms) = postSolution
		{88512743-2EC3-40A6-A752-F7EDDC343988}.Debug|Any CPU.ActiveCfg = Debug|Any CPU
		{88512743-2EC3-40A6-A752-F7EDDC343988}.Debug|Any CPU.Build.0 = Debug|Any CPU
		{88512743-2EC3-40A6-A752-F7EDDC343988}.Release|Any CPU.ActiveCfg = Release|Any CPU
		{88512743-2EC3-40A6-A752-F7EDDC343988}.Release|Any CPU.Build.0 = Release|Any CPU
	EndGlobalSection
	GlobalSection(SolutionProperties) = preSolution
		HideSolutionNode = FALSE
	EndGlobalSection
	GlobalSection(ExtensibilityGlobals) = postSolution
		SolutionGuid = {4F48B53B-ADBB-442B-BACA-B5F97F49D0AC}
	EndGlobalSection
EndGlobal
