
Microsoft Visual Studio Solution File, Format Version 12.00
# Visual Studio Version 17
VisualStudioVersion = 17.0.32014.148
MinimumVisualStudioVersion = 10.0.40219.1
Project("{FAE04EC0-301F-11D3-BF4B-00C04F79EFBC}") = "squareArea", "squareArea\squareArea.csproj", "{63B0A004-79D8-42CC-A6DF-FFB11BE94AF2}"
EndProject
Global
	GlobalSection(SolutionConfigurationPlatforms) = preSolution
		Debug|Any CPU = Debug|Any CPU
		Release|Any CPU = Release|Any CPU
	EndGlobalSection
	GlobalSection(ProjectConfigurationPlatforms) = postSolution
		{63B0A004-79D8-42CC-A6DF-FFB11BE94AF2}.Debug|Any CPU.ActiveCfg = Debug|Any CPU
		{63B0A004-79D8-42CC-A6DF-FFB11BE94AF2}.Debug|Any CPU.Build.0 = Debug|Any CPU
		{63B0A004-79D8-42CC-A6DF-FFB11BE94AF2}.Release|Any CPU.ActiveCfg = Release|Any CPU
		{63B0A004-79D8-42CC-A6DF-FFB11BE94AF2}.Release|Any CPU.Build.0 = Release|Any CPU
	EndGlobalSection
	GlobalSection(SolutionProperties) = preSolution
		HideSolutionNode = FALSE
	EndGlobalSection
	GlobalSection(ExtensibilityGlobals) = postSolution
		SolutionGuid = {A1A37102-4CF9-42B5-AB48-D634F253CE58}
	EndGlobalSection
EndGlobal
