
Microsoft Visual Studio Solution File, Format Version 12.00
# Visual Studio Version 17
VisualStudioVersion = 17.0.31919.166
MinimumVisualStudioVersion = 10.0.40219.1
Project("{FAE04EC0-301F-11D3-BF4B-00C04F79EFBC}") = "leeDatosUsuario", "leeDatosUsuario\leeDatosUsuario.csproj", "{9C240472-BEE3-4F79-95FB-80AF1D14968E}"
EndProject
Global
	GlobalSection(SolutionConfigurationPlatforms) = preSolution
		Debug|Any CPU = Debug|Any CPU
		Release|Any CPU = Release|Any CPU
	EndGlobalSection
	GlobalSection(ProjectConfigurationPlatforms) = postSolution
		{9C240472-BEE3-4F79-95FB-80AF1D14968E}.Debug|Any CPU.ActiveCfg = Debug|Any CPU
		{9C240472-BEE3-4F79-95FB-80AF1D14968E}.Debug|Any CPU.Build.0 = Debug|Any CPU
		{9C240472-BEE3-4F79-95FB-80AF1D14968E}.Release|Any CPU.ActiveCfg = Release|Any CPU
		{9C240472-BEE3-4F79-95FB-80AF1D14968E}.Release|Any CPU.Build.0 = Release|Any CPU
	EndGlobalSection
	GlobalSection(SolutionProperties) = preSolution
		HideSolutionNode = FALSE
	EndGlobalSection
	GlobalSection(ExtensibilityGlobals) = postSolution
		SolutionGuid = {83EB7D5C-6D3D-4411-8A7C-C2C5ADC97BCB}
	EndGlobalSection
EndGlobal
