
Microsoft Visual Studio Solution File, Format Version 12.00
# Visual Studio Version 17
VisualStudioVersion = 17.0.32014.148
MinimumVisualStudioVersion = 10.0.40219.1
Project("{FAE04EC0-301F-11D3-BF4B-00C04F79EFBC}") = "hellowordGrafico", "hellowordGrafico\hellowordGrafico.csproj", "{46EB70FA-AFA8-4349-B491-EEE7C4C99FDE}"
EndProject
Global
	GlobalSection(SolutionConfigurationPlatforms) = preSolution
		Debug|Any CPU = Debug|Any CPU
		Release|Any CPU = Release|Any CPU
	EndGlobalSection
	GlobalSection(ProjectConfigurationPlatforms) = postSolution
		{46EB70FA-AFA8-4349-B491-EEE7C4C99FDE}.Debug|Any CPU.ActiveCfg = Debug|Any CPU
		{46EB70FA-AFA8-4349-B491-EEE7C4C99FDE}.Debug|Any CPU.Build.0 = Debug|Any CPU
		{46EB70FA-AFA8-4349-B491-EEE7C4C99FDE}.Release|Any CPU.ActiveCfg = Release|Any CPU
		{46EB70FA-AFA8-4349-B491-EEE7C4C99FDE}.Release|Any CPU.Build.0 = Release|Any CPU
	EndGlobalSection
	GlobalSection(SolutionProperties) = preSolution
		HideSolutionNode = FALSE
	EndGlobalSection
	GlobalSection(ExtensibilityGlobals) = postSolution
		SolutionGuid = {1A267C85-E367-4244-BAA7-3ECEA4FDC266}
	EndGlobalSection
EndGlobal
